// !$*UTF8*$!
{
	archiveVersion = 1;
	classes = {
	};
	objectVersion = 55;
	objects = {

/* Begin PBXBuildFile section */
		EC35E1D827DE4F99005AF018 /* Map.swift in Sources */ = {isa = PBXBuildFile; fileRef = EC35E1D727DE4F99005AF018 /* Map.swift */; };
		EC4861A027D07FDE0076D4E4 /* main.swift in Sources */ = {isa = PBXBuildFile; fileRef = EC48619F27D07FDE0076D4E4 /* main.swift */; };
		EC4861AB27D080750076D4E4 /* Road.swift in Sources */ = {isa = PBXBuildFile; fileRef = EC4861AA27D080750076D4E4 /* Road.swift */; };
		EC4861AD27D080870076D4E4 /* Location.swift in Sources */ = {isa = PBXBuildFile; fileRef = EC4861AC27D080870076D4E4 /* Location.swift */; };
		EC4861AF27D081D40076D4E4 /* Monster.swift in Sources */ = {isa = PBXBuildFile; fileRef = EC4861AE27D081D40076D4E4 /* Monster.swift */; };
		EC4861B127D082860076D4E4 /* GameCharacter.swift in Sources */ = {isa = PBXBuildFile; fileRef = EC4861B027D082860076D4E4 /* GameCharacter.swift */; };
		EC4861B327D085970076D4E4 /* Hero.swift in Sources */ = {isa = PBXBuildFile; fileRef = EC4861B227D085970076D4E4 /* Hero.swift */; };
		ECDEE24727DF1B89003A497B /* Action.swift in Sources */ = {isa = PBXBuildFile; fileRef = ECDEE24627DF1B89003A497B /* Action.swift */; };
		ECDEE24927DF1BDB003A497B /* GameCharacterType.swift in Sources */ = {isa = PBXBuildFile; fileRef = ECDEE24827DF1BDB003A497B /* GameCharacterType.swift */; };
		ECDEE24C27E03652003A497B /* Fight.swift in Sources */ = {isa = PBXBuildFile; fileRef = ECDEE24B27E03652003A497B /* Fight.swift */; };
/* End PBXBuildFile section */

/* Begin PBXCopyFilesBuildPhase section */
		EC48619A27D07FDE0076D4E4 /* CopyFiles */ = {
			isa = PBXCopyFilesBuildPhase;
			buildActionMask = 2147483647;
			dstPath = /usr/share/man/man1/;
			dstSubfolderSpec = 0;
			files = (
			);
			runOnlyForDeploymentPostprocessing = 1;
		};
/* End PBXCopyFilesBuildPhase section */

/* Begin PBXFileReference section */
		EC35E1D727DE4F99005AF018 /* Map.swift */ = {isa = PBXFileReference; lastKnownFileType = sourcecode.swift; path = Map.swift; sourceTree = "<group>"; };
		EC48619C27D07FDE0076D4E4 /* SwiftProject */ = {isa = PBXFileReference; explicitFileType = "compiled.mach-o.executable"; includeInIndex = 0; path = SwiftProject; sourceTree = BUILT_PRODUCTS_DIR; };
		EC48619F27D07FDE0076D4E4 /* main.swift */ = {isa = PBXFileReference; lastKnownFileType = sourcecode.swift; path = main.swift; sourceTree = "<group>"; };
		EC4861AA27D080750076D4E4 /* Road.swift */ = {isa = PBXFileReference; lastKnownFileType = sourcecode.swift; path = Road.swift; sourceTree = "<group>"; };
		EC4861AC27D080870076D4E4 /* Location.swift */ = {isa = PBXFileReference; lastKnownFileType = sourcecode.swift; path = Location.swift; sourceTree = "<group>"; };
		EC4861AE27D081D40076D4E4 /* Monster.swift */ = {isa = PBXFileReference; lastKnownFileType = sourcecode.swift; path = Monster.swift; sourceTree = "<group>"; };
		EC4861B027D082860076D4E4 /* GameCharacter.swift */ = {isa = PBXFileReference; lastKnownFileType = sourcecode.swift; path = GameCharacter.swift; sourceTree = "<group>"; };
		EC4861B227D085970076D4E4 /* Hero.swift */ = {isa = PBXFileReference; lastKnownFileType = sourcecode.swift; path = Hero.swift; sourceTree = "<group>"; };
		ECDEE24627DF1B89003A497B /* Action.swift */ = {isa = PBXFileReference; fileEncoding = 4; lastKnownFileType = sourcecode.swift; path = Action.swift; sourceTree = "<group>"; };
		ECDEE24827DF1BDB003A497B /* GameCharacterType.swift */ = {isa = PBXFileReference; fileEncoding = 4; lastKnownFileType = sourcecode.swift; path = GameCharacterType.swift; sourceTree = "<group>"; };
		ECDEE24B27E03652003A497B /* Fight.swift */ = {isa = PBXFileReference; fileEncoding = 4; lastKnownFileType = sourcecode.swift; path = Fight.swift; sourceTree = "<group>"; };
/* End PBXFileReference section */

/* Begin PBXFrameworksBuildPhase section */
		EC48619927D07FDE0076D4E4 /* Frameworks */ = {
			isa = PBXFrameworksBuildPhase;
			buildActionMask = 2147483647;
			files = (
			);
			runOnlyForDeploymentPostprocessing = 0;
		};
/* End PBXFrameworksBuildPhase section */

/* Begin PBXGroup section */
		EC48619327D07FDE0076D4E4 = {
			isa = PBXGroup;
			children = (
				EC48619E27D07FDE0076D4E4 /* SwiftProject */,
				EC48619D27D07FDE0076D4E4 /* Products */,
			);
			sourceTree = "<group>";
		};
		EC48619D27D07FDE0076D4E4 /* Products */ = {
			isa = PBXGroup;
			children = (
				EC48619C27D07FDE0076D4E4 /* SwiftProject */,
			);
			name = Products;
			sourceTree = "<group>";
		};
		EC48619E27D07FDE0076D4E4 /* SwiftProject */ = {
			isa = PBXGroup;
			children = (
				EC48619F27D07FDE0076D4E4 /* main.swift */,
				EC4861B627D086E40076D4E4 /* MapElements */,
				EC4861B527D086C70076D4E4 /* GameCharacters */,
				ECDEE24A27E035D2003A497B /* Fight */,
			);
			path = SwiftProject;
			sourceTree = "<group>";
		};
		EC4861B527D086C70076D4E4 /* GameCharacters */ = {
			isa = PBXGroup;
			children = (
				EC4861B027D082860076D4E4 /* GameCharacter.swift */,
				ECDEE24827DF1BDB003A497B /* GameCharacterType.swift */,
				EC4861AE27D081D40076D4E4 /* Monster.swift */,
				EC4861B227D085970076D4E4 /* Hero.swift */,
			);
			path = GameCharacters;
			sourceTree = "<group>";
		};
		EC4861B627D086E40076D4E4 /* MapElements */ = {
			isa = PBXGroup;
			children = (
				EC4861AC27D080870076D4E4 /* Location.swift */,
				EC4861AA27D080750076D4E4 /* Road.swift */,
				EC35E1D727DE4F99005AF018 /* Map.swift */,
			);
			path = MapElements;
			sourceTree = "<group>";
		};
		ECDEE24A27E035D2003A497B /* Fight */ = {
			isa = PBXGroup;
			children = (
				ECDEE24B27E03652003A497B /* Fight.swift */,
				ECDEE24627DF1B89003A497B /* Action.swift */,
			);
			path = Fight;
			sourceTree = "<group>";
		};
/* End PBXGroup section */

/* Begin PBXNativeTarget section */
		EC48619B27D07FDE0076D4E4 /* SwiftProject */ = {
			isa = PBXNativeTarget;
			buildConfigurationList = EC4861A327D07FDE0076D4E4 /* Build configuration list for PBXNativeTarget "SwiftProject" */;
			buildPhases = (
				EC48619827D07FDE0076D4E4 /* Sources */,
				EC48619927D07FDE0076D4E4 /* Frameworks */,
				EC48619A27D07FDE0076D4E4 /* CopyFiles */,
			);
			buildRules = (
			);
			dependencies = (
			);
			name = SwiftProject;
			productName = SwiftProject;
			productReference = EC48619C27D07FDE0076D4E4 /* SwiftProject */;
			productType = "com.apple.product-type.tool";
		};
/* End PBXNativeTarget section */

/* Begin PBXProject section */
		EC48619427D07FDE0076D4E4 /* Project object */ = {
			isa = PBXProject;
			attributes = {
				BuildIndependentTargetsInParallel = 1;
				LastSwiftUpdateCheck = 1320;
				LastUpgradeCheck = 1320;
				TargetAttributes = {
					EC48619B27D07FDE0076D4E4 = {
						CreatedOnToolsVersion = 13.2.1;
					};
				};
			};
			buildConfigurationList = EC48619727D07FDE0076D4E4 /* Build configuration list for PBXProject "SwiftProject" */;
			compatibilityVersion = "Xcode 13.0";
			developmentRegion = en;
			hasScannedForEncodings = 0;
			knownRegions = (
				en,
				Base,
			);
			mainGroup = EC48619327D07FDE0076D4E4;
			productRefGroup = EC48619D27D07FDE0076D4E4 /* Products */;
			projectDirPath = "";
			projectRoot = "";
			targets = (
				EC48619B27D07FDE0076D4E4 /* SwiftProject */,
			);
		};
/* End PBXProject section */

/* Begin PBXSourcesBuildPhase section */
		EC48619827D07FDE0076D4E4 /* Sources */ = {
			isa = PBXSourcesBuildPhase;
			buildActionMask = 2147483647;
			files = (
				ECDEE24C27E03652003A497B /* Fight.swift in Sources */,
				ECDEE24927DF1BDB003A497B /* GameCharacterType.swift in Sources */,
				EC35E1D827DE4F99005AF018 /* Map.swift in Sources */,
				EC4861AF27D081D40076D4E4 /* Monster.swift in Sources */,
				ECDEE24727DF1B89003A497B /* Action.swift in Sources */,
				EC4861A027D07FDE0076D4E4 /* main.swift in Sources */,
				EC4861B127D082860076D4E4 /* GameCharacter.swift in Sources */,
				EC4861B327D085970076D4E4 /* Hero.swift in Sources */,
				EC4861AD27D080870076D4E4 /* Location.swift in Sources */,
				EC4861AB27D080750076D4E4 /* Road.swift in Sources */,
			);
			runOnlyForDeploymentPostprocessing = 0;
		};
/* End PBXSourcesBuildPhase section */

/* Begin XCBuildConfiguration section */
		EC4861A127D07FDE0076D4E4 /* Debug */ = {
			isa = XCBuildConfiguration;
			buildSettings = {
				ALWAYS_SEARCH_USER_PATHS = NO;
				CLANG_ANALYZER_NONNULL = YES;
				CLANG_ANALYZER_NUMBER_OBJECT_CONVERSION = YES_AGGRESSIVE;
				CLANG_CXX_LANGUAGE_STANDARD = "gnu++17";
				CLANG_CXX_LIBRARY = "libc++";
				CLANG_ENABLE_MODULES = YES;
				CLANG_ENABLE_OBJC_ARC = YES;
				CLANG_ENABLE_OBJC_WEAK = YES;
				CLANG_WARN_BLOCK_CAPTURE_AUTORELEASING = YES;
				CLANG_WARN_BOOL_CONVERSION = YES;
				CLANG_WARN_COMMA = YES;
				CLANG_WARN_CONSTANT_CONVERSION = YES;
				CLANG_WARN_DEPRECATED_OBJC_IMPLEMENTATIONS = YES;
				CLANG_WARN_DIRECT_OBJC_ISA_USAGE = YES_ERROR;
				CLANG_WARN_DOCUMENTATION_COMMENTS = YES;
				CLANG_WARN_EMPTY_BODY = YES;
				CLANG_WARN_ENUM_CONVERSION = YES;
				CLANG_WARN_INFINITE_RECURSION = YES;
				CLANG_WARN_INT_CONVERSION = YES;
				CLANG_WARN_NON_LITERAL_NULL_CONVERSION = YES;
				CLANG_WARN_OBJC_IMPLICIT_RETAIN_SELF = YES;
				CLANG_WARN_OBJC_LITERAL_CONVERSION = YES;
				CLANG_WARN_OBJC_ROOT_CLASS = YES_ERROR;
				CLANG_WARN_QUOTED_INCLUDE_IN_FRAMEWORK_HEADER = YES;
				CLANG_WARN_RANGE_LOOP_ANALYSIS = YES;
				CLANG_WARN_STRICT_PROTOTYPES = YES;
				CLANG_WARN_SUSPICIOUS_MOVE = YES;
				CLANG_WARN_UNGUARDED_AVAILABILITY = YES_AGGRESSIVE;
				CLANG_WARN_UNREACHABLE_CODE = YES;
				CLANG_WARN__DUPLICATE_METHOD_MATCH = YES;
				COPY_PHASE_STRIP = NO;
				DEBUG_INFORMATION_FORMAT = dwarf;
				ENABLE_STRICT_OBJC_MSGSEND = YES;
				ENABLE_TESTABILITY = YES;
				GCC_C_LANGUAGE_STANDARD = gnu11;
				GCC_DYNAMIC_NO_PIC = NO;
				GCC_NO_COMMON_BLOCKS = YES;
				GCC_OPTIMIZATION_LEVEL = 0;
				GCC_PREPROCESSOR_DEFINITIONS = (
					"DEBUG=1",
					"$(inherited)",
				);
				GCC_WARN_64_TO_32_BIT_CONVERSION = YES;
				GCC_WARN_ABOUT_RETURN_TYPE = YES_ERROR;
				GCC_WARN_UNDECLARED_SELECTOR = YES;
				GCC_WARN_UNINITIALIZED_AUTOS = YES_AGGRESSIVE;
				GCC_WARN_UNUSED_FUNCTION = YES;
				GCC_WARN_UNUSED_VARIABLE = YES;
				MACOSX_DEPLOYMENT_TARGET = 12.0;
				MTL_ENABLE_DEBUG_INFO = INCLUDE_SOURCE;
				MTL_FAST_MATH = YES;
				ONLY_ACTIVE_ARCH = YES;
				SDKROOT = macosx;
				SWIFT_ACTIVE_COMPILATION_CONDITIONS = DEBUG;
				SWIFT_OPTIMIZATION_LEVEL = "-Onone";
			};
			name = Debug;
		};
		EC4861A227D07FDE0076D4E4 /* Release */ = {
			isa = XCBuildConfiguration;
			buildSettings = {
				ALWAYS_SEARCH_USER_PATHS = NO;
				CLANG_ANALYZER_NONNULL = YES;
				CLANG_ANALYZER_NUMBER_OBJECT_CONVERSION = YES_AGGRESSIVE;
				CLANG_CXX_LANGUAGE_STANDARD = "gnu++17";
				CLANG_CXX_LIBRARY = "libc++";
				CLANG_ENABLE_MODULES = YES;
				CLANG_ENABLE_OBJC_ARC = YES;
				CLANG_ENABLE_OBJC_WEAK = YES;
				CLANG_WARN_BLOCK_CAPTURE_AUTORELEASING = YES;
				CLANG_WARN_BOOL_CONVERSION = YES;
				CLANG_WARN_COMMA = YES;
				CLANG_WARN_CONSTANT_CONVERSION = YES;
				CLANG_WARN_DEPRECATED_OBJC_IMPLEMENTATIONS = YES;
				CLANG_WARN_DIRECT_OBJC_ISA_USAGE = YES_ERROR;
				CLANG_WARN_DOCUMENTATION_COMMENTS = YES;
				CLANG_WARN_EMPTY_BODY = YES;
				CLANG_WARN_ENUM_CONVERSION = YES;
				CLANG_WARN_INFINITE_RECURSION = YES;
				CLANG_WARN_INT_CONVERSION = YES;
				CLANG_WARN_NON_LITERAL_NULL_CONVERSION = YES;
				CLANG_WARN_OBJC_IMPLICIT_RETAIN_SELF = YES;
				CLANG_WARN_OBJC_LITERAL_CONVERSION = YES;
				CLANG_WARN_OBJC_ROOT_CLASS = YES_ERROR;
				CLANG_WARN_QUOTED_INCLUDE_IN_FRAMEWORK_HEADER = YES;
				CLANG_WARN_RANGE_LOOP_ANALYSIS = YES;
				CLANG_WARN_STRICT_PROTOTYPES = YES;
				CLANG_WARN_SUSPICIOUS_MOVE = YES;
				CLANG_WARN_UNGUARDED_AVAILABILITY = YES_AGGRESSIVE;
				CLANG_WARN_UNREACHABLE_CODE = YES;
				CLANG_WARN__DUPLICATE_METHOD_MATCH = YES;
				COPY_PHASE_STRIP = NO;
				DEBUG_INFORMATION_FORMAT = "dwarf-with-dsym";
				ENABLE_NS_ASSERTIONS = NO;
				ENABLE_STRICT_OBJC_MSGSEND = YES;
				GCC_C_LANGUAGE_STANDARD = gnu11;
				GCC_NO_COMMON_BLOCKS = YES;
				GCC_WARN_64_TO_32_BIT_CONVERSION = YES;
				GCC_WARN_ABOUT_RETURN_TYPE = YES_ERROR;
				GCC_WARN_UNDECLARED_SELECTOR = YES;
				GCC_WARN_UNINITIALIZED_AUTOS = YES_AGGRESSIVE;
				GCC_WARN_UNUSED_FUNCTION = YES;
				GCC_WARN_UNUSED_VARIABLE = YES;
				MACOSX_DEPLOYMENT_TARGET = 12.0;
				MTL_ENABLE_DEBUG_INFO = NO;
				MTL_FAST_MATH = YES;
				SDKROOT = macosx;
				SWIFT_COMPILATION_MODE = wholemodule;
				SWIFT_OPTIMIZATION_LEVEL = "-O";
			};
			name = Release;
		};
		EC4861A427D07FDE0076D4E4 /* Debug */ = {
			isa = XCBuildConfiguration;
			buildSettings = {
				CODE_SIGN_STYLE = Automatic;
				DEVELOPMENT_TEAM = G3P4L7GVWA;
				ENABLE_HARDENED_RUNTIME = YES;
				PRODUCT_NAME = "$(TARGET_NAME)";
				SWIFT_VERSION = 5.0;
			};
			name = Debug;
		};
		EC4861A527D07FDE0076D4E4 /* Release */ = {
			isa = XCBuildConfiguration;
			buildSettings = {
				CODE_SIGN_STYLE = Automatic;
				DEVELOPMENT_TEAM = G3P4L7GVWA;
				ENABLE_HARDENED_RUNTIME = YES;
				PRODUCT_NAME = "$(TARGET_NAME)";
				SWIFT_VERSION = 5.0;
			};
			name = Release;
		};
/* End XCBuildConfiguration section */

/* Begin XCConfigurationList section */
		EC48619727D07FDE0076D4E4 /* Build configuration list for PBXProject "SwiftProject" */ = {
			isa = XCConfigurationList;
			buildConfigurations = (
				EC4861A127D07FDE0076D4E4 /* Debug */,
				EC4861A227D07FDE0076D4E4 /* Release */,
			);
			defaultConfigurationIsVisible = 0;
			defaultConfigurationName = Release;
		};
		EC4861A327D07FDE0076D4E4 /* Build configuration list for PBXNativeTarget "SwiftProject" */ = {
			isa = XCConfigurationList;
			buildConfigurations = (
				EC4861A427D07FDE0076D4E4 /* Debug */,
				EC4861A527D07FDE0076D4E4 /* Release */,
			);
			defaultConfigurationIsVisible = 0;
			defaultConfigurationName = Release;
		};
/* End XCConfigurationList section */
	};
	rootObject = EC48619427D07FDE0076D4E4 /* Project object */;
}
